
Microsoft Visual Studio Solution File, Format Version 11.00
# Visual Studio 2010
Project("{FAE04EC0-301F-11D3-BF4B-00C04F79EFBC}") = "Reloj-Cronometro", "Reloj-Cronometro\Reloj-Cronometro.csproj", "{659A7CF1-FA58-47DC-8B8C-79C4CAAC583D}"
EndProject
Global
	GlobalSection(SolutionConfigurationPlatforms) = preSolution
		Debug|x86 = Debug|x86
		Release|x86 = Release|x86
	EndGlobalSection
	GlobalSection(ProjectConfigurationPlatforms) = postSolution
		{659A7CF1-FA58-47DC-8B8C-79C4CAAC583D}.Debug|x86.ActiveCfg = Debug|x86
		{659A7CF1-FA58-47DC-8B8C-79C4CAAC583D}.Debug|x86.Build.0 = Debug|x86
		{659A7CF1-FA58-47DC-8B8C-79C4CAAC583D}.Release|x86.ActiveCfg = Release|x86
		{659A7CF1-FA58-47DC-8B8C-79C4CAAC583D}.Release|x86.Build.0 = Release|x86
	EndGlobalSection
	GlobalSection(MonoDevelopProperties) = preSolution
		StartupItem = Reloj-Cronometro\Reloj-Cronometro.csproj
	EndGlobalSection
EndGlobal
